Microsoft Visual Studio Solution File, Format Version 12.00
# Visual Studio Version 17
VisualStudioVersion = 17.5.2.0
MinimumVisualStudioVersion = 10.0.40219.1
Project("{FAE04EC0-301F-11D3-BF4B-00C04F79EFBC}") = "iso3166_import", "iso3166_import.csproj", "{E8BBDB58-E098-8695-500D-4A65F1066756}"
EndProject
Global
	GlobalSection(SolutionConfigurationPlatforms) = preSolution
		Debug|Any CPU = Debug|Any CPU
		Release|Any CPU = Release|Any CPU
	EndGlobalSection
	GlobalSection(ProjectConfigurationPlatforms) = postSolution
		{E8BBDB58-E098-8695-500D-4A65F1066756}.Debug|Any CPU.ActiveCfg = Debug|Any CPU
		{E8BBDB58-E098-8695-500D-4A65F1066756}.Debug|Any CPU.Build.0 = Debug|Any CPU
		{E8BBDB58-E098-8695-500D-4A65F1066756}.Release|Any CPU.ActiveCfg = Release|Any CPU
		{E8BBDB58-E098-8695-500D-4A65F1066756}.Release|Any CPU.Build.0 = Release|Any CPU
	EndGlobalSection
	GlobalSection(SolutionProperties) = preSolution
		HideSolutionNode = FALSE
	EndGlobalSection
	GlobalSection(ExtensibilityGlobals) = postSolution
		SolutionGuid = {57DAD0D4-8701-4180-B3DE-6AA54EE94F61}
	EndGlobalSection
EndGlobal
